// !$*UTF8*$!
{
	archiveVersion = 1;
	classes = {
	};
	objectVersion = 46;
	objects = {

/* Begin PBXBuildFile section */
		2E584C071D04E79C003E3C87 /* AppDelegate.swift in Sources */ = {isa = PBXBuildFile; fileRef = 2E584C061D04E79C003E3C87 /* AppDelegate.swift */; };
		2E584C091D04E79C003E3C87 /* ViewController.swift in Sources */ = {isa = PBXBuildFile; fileRef = 2E584C081D04E79C003E3C87 /* ViewController.swift */; };
		2E584C0C1D04E79C003E3C87 /* Main.storyboard in Resources */ = {isa = PBXBuildFile; fileRef = 2E584C0A1D04E79C003E3C87 /* Main.storyboard */; };
		2E584C0E1D04E79C003E3C87 /* Assets.xcassets in Resources */ = {isa = PBXBuildFile; fileRef = 2E584C0D1D04E79C003E3C87 /* Assets.xcassets */; };
		2E584C111D04E79C003E3C87 /* LaunchScreen.storyboard in Resources */ = {isa = PBXBuildFile; fileRef = 2E584C0F1D04E79C003E3C87 /* LaunchScreen.storyboard */; };
/* End PBXBuildFile section */

/* Begin PBXFileReference section */
		2E584C031D04E79C003E3C87 /* Phonetics.app */ = {isa = PBXFileReference; explicitFileType = wrapper.application; includeInIndex = 0; path = Phonetics.app; sourceTree = BUILT_PRODUCTS_DIR; };
		2E584C061D04E79C003E3C87 /* AppDelegate.swift */ = {isa = PBXFileReference; lastKnownFileType = sourcecode.swift; path = AppDelegate.swift; sourceTree = "<group>"; };
		2E584C081D04E79C003E3C87 /* ViewController.swift */ = {isa = PBXFileReference; lastKnownFileType = sourcecode.swift; path = ViewController.swift; sourceTree = "<group>"; };
		2E584C0B1D04E79C003E3C87 /* Base */ = {isa = PBXFileReference; lastKnownFileType = file.storyboard; name = Base; path = Base.lproj/Main.storyboard; sourceTree = "<group>"; };
		2E584C0D1D04E79C003E3C87 /* Assets.xcassets */ = {isa = PBXFileReference; lastKnownFileType = folder.assetcatalog; path = Assets.xcassets; sourceTree = "<group>"; };
		2E584C101D04E79C003E3C87 /* Base */ = {isa = PBXFileReference; lastKnownFileType = file.storyboard; name = Base; path = Base.lproj/LaunchScreen.storyboard; sourceTree = "<group>"; };
		2E584C121D04E79C003E3C87 /* Info.plist */ = {isa = PBXFileReference; lastKnownFileType = text.plist.xml; path = Info.plist; sourceTree = "<group>"; };
/* End PBXFileReference section */

/* Begin PBXFrameworksBuildPhase section */
		2E584C001D04E79C003E3C87 /* Frameworks */ = {
			isa = PBXFrameworksBuildPhase;
			buildActionMask = 2147483647;
			files = (
			);
			runOnlyForDeploymentPostprocessing = 0;
		};
/* End PBXFrameworksBuildPhase section */

/* Begin PBXGroup section */
		2E584BFA1D04E79C003E3C87 = {
			isa = PBXGroup;
			children = (
				2E584C051D04E79C003E3C87 /* Phonetics */,
				2E584C041D04E79C003E3C87 /* Products */,
			);
			sourceTree = "<group>";
		};
		2E584C041D04E79C003E3C87 /* Products */ = {
			isa = PBXGroup;
			children = (
				2E584C031D04E79C003E3C87 /* Phonetics.app */,
			);
			name = Products;
			sourceTree = "<group>";
		};
		2E584C051D04E79C003E3C87 /* Phonetics */ = {
			isa = PBXGroup;
			children = (
				2E584C061D04E79C003E3C87 /* AppDelegate.swift */,
				2E584C081D04E79C003E3C87 /* ViewController.swift */,
				2E584C0A1D04E79C003E3C87 /* Main.storyboard */,
				2E584C0D1D04E79C003E3C87 /* Assets.xcassets */,
				2E584C0F1D04E79C003E3C87 /* LaunchScreen.storyboard */,
				2E584C121D04E79C003E3C87 /* Info.plist */,
			);
			path = Phonetics;
			sourceTree = "<group>";
		};
/* End PBXGroup section */

/* Begin PBXNativeTarget section */
		2E584C021D04E79C003E3C87 /* Phonetics */ = {
			isa = PBXNativeTarget;
			buildConfigurationList = 2E584C151D04E79C003E3C87 /* Build configuration list for PBXNativeTarget "Phonetics" */;
			buildPhases = (
				2E584BFF1D04E79C003E3C87 /* Sources */,
				2E584C001D04E79C003E3C87 /* Frameworks */,
				2E584C011D04E79C003E3C87 /* Resources */,
			);
			buildRules = (
			);
			dependencies = (
			);
			name = Phonetics;
			productName = Phonetics;
			productReference = 2E584C031D04E79C003E3C87 /* Phonetics.app */;
			productType = "com.apple.product-type.application";
		};
/* End PBXNativeTarget section */

/* Begin PBXProject section */
		2E584BFB1D04E79C003E3C87 /* Project object */ = {
			isa = PBXProject;
			attributes = {
				LastSwiftUpdateCheck = 0730;
				LastUpgradeCheck = 0730;
				ORGANIZATIONNAME = "Cal Stephens";
				TargetAttributes = {
					2E584C021D04E79C003E3C87 = {
						CreatedOnToolsVersion = 7.3.1;
					};
				};
			};
			buildConfigurationList = 2E584BFE1D04E79C003E3C87 /* Build configuration list for PBXProject "Phonetics" */;
			compatibilityVersion = "Xcode 3.2";
			developmentRegion = English;
			hasScannedForEncodings = 0;
			knownRegions = (
				en,
				Base,
			);
			mainGroup = 2E584BFA1D04E79C003E3C87;
			productRefGroup = 2E584C041D04E79C003E3C87 /* Products */;
			projectDirPath = "";
			projectRoot = "";
			targets = (
				2E584C021D04E79C003E3C87 /* Phonetics */,
			);
		};
/* End PBXProject section */

/* Begin PBXResourcesBuildPhase section */
		2E584C011D04E79C003E3C87 /* Resources */ = {
			isa = PBXResourcesBuildPhase;
			buildActionMask = 2147483647;
			files = (
				2E584C111D04E79C003E3C87 /* LaunchScreen.storyboard in Resources */,
				2E584C0E1D04E79C003E3C87 /* Assets.xcassets in Resources */,
				2E584C0C1D04E79C003E3C87 /* Main.storyboard in Resources */,
			);
			runOnlyForDeploymentPostprocessing = 0;
		};
/* End PBXResourcesBuildPhase section */

/* Begin PBXSourcesBuildPhase section */
		2E584BFF1D04E79C003E3C87 /* Sources */ = {
			isa = PBXSourcesBuildPhase;
			buildActionMask = 2147483647;
			files = (
				2E584C091D04E79C003E3C87 /* ViewController.swift in Sources */,
				2E584C071D04E79C003E3C87 /* AppDelegate.swift in Sources */,
			);
			runOnlyForDeploymentPostprocessing = 0;
		};
/* End PBXSourcesBuildPhase section */

/* Begin PBXVariantGroup section */
		2E584C0A1D04E79C003E3C87 /* Main.storyboard */ = {
			isa = PBXVariantGroup;
			children = (
				2E584C0B1D04E79C003E3C87 /* Base */,
			);
			name = Main.storyboard;
			sourceTree = "<group>";
		};
		2E584C0F1D04E79C003E3C87 /* LaunchScreen.storyboard */ = {
			isa = PBXVariantGroup;
			children = (
				2E584C101D04E79C003E3C87 /* Base */,
			);
			name = LaunchScreen.storyboard;
			sourceTree = "<group>";
		};
/* End PBXVariantGroup section */

/* Begin XCBuildConfiguration section */
		2E584C131D04E79C003E3C87 /* Debug */ = {
			isa = XCBuildConfiguration;
			buildSettings = {
				ALWAYS_SEARCH_USER_PATHS = NO;
				CLANG_ANALYZER_NONNULL = YES;
				CLANG_CXX_LANGUAGE_STANDARD = "gnu++0x";
				CLANG_CXX_LIBRARY = "libc++";
				CLANG_ENABLE_MODULES = YES;
				CLANG_ENABLE_OBJC_ARC = YES;
				CLANG_WARN_BOOL_CONVERSION = YES;
				CLANG_WARN_CONSTANT_CONVERSION = YES;
				CLANG_WARN_DIRECT_OBJC_ISA_USAGE = YES_ERROR;
				CLANG_WARN_EMPTY_BODY = YES;
				CLANG_WARN_ENUM_CONVERSION = YES;
				CLANG_WARN_INT_CONVERSION = YES;
				CLANG_WARN_OBJC_ROOT_CLASS = YES_ERROR;
				CLANG_WARN_UNREACHABLE_CODE = YES;
				CLANG_WARN__DUPLICATE_METHOD_MATCH = YES;
				"CODE_SIGN_IDENTITY[sdk=iphoneos*]" = "iPhone Developer";
				COPY_PHASE_STRIP = NO;
				DEBUG_INFORMATION_FORMAT = dwarf;
				ENABLE_STRICT_OBJC_MSGSEND = YES;
				ENABLE_TESTABILITY = YES;
				GCC_C_LANGUAGE_STANDARD = gnu99;
				GCC_DYNAMIC_NO_PIC = NO;
				GCC_NO_COMMON_BLOCKS = YES;
				GCC_OPTIMIZATION_LEVEL = 0;
				GCC_PREPROCESSOR_DEFINITIONS = (
					"DEBUG=1",
					"$(inherited)",
				);
				GCC_WARN_64_TO_32_BIT_CONVERSION = YES;
				GCC_WARN_ABOUT_RETURN_TYPE = YES_ERROR;
				GCC_WARN_UNDECLARED_SELECTOR = YES;
				GCC_WARN_UNINITIALIZED_AUTOS = YES_AGGRESSIVE;
				GCC_WARN_UNUSED_FUNCTION = YES;
				GCC_WARN_UNUSED_VARIABLE = YES;
				IPHONEOS_DEPLOYMENT_TARGET = 9.3;
				MTL_ENABLE_DEBUG_INFO = YES;
				ONLY_ACTIVE_ARCH = YES;
				SDKROOT = iphoneos;
				SWIFT_OPTIMIZATION_LEVEL = "-Onone";
				TARGETED_DEVICE_FAMILY = "1,2";
			};
			name = Debug;
		};
		2E584C141D04E79C003E3C87 /* Release */ = {
			isa = XCBuildConfiguration;
			buildSettings = {
				ALWAYS_SEARCH_USER_PATHS = NO;
				CLANG_ANALYZER_NONNULL = YES;
				CLANG_CXX_LANGUAGE_STANDARD = "gnu++0x";
				CLANG_CXX_LIBRARY = "libc++";
				CLANG_ENABLE_MODULES = YES;
				CLANG_ENABLE_OBJC_ARC = YES;
				CLANG_WARN_BOOL_CONVERSION = YES;
				CLANG_WARN_CONSTANT_CONVERSION = YES;
				CLANG_WARN_DIRECT_OBJC_ISA_USAGE = YES_ERROR;
				CLANG_WARN_EMPTY_BODY = YES;
				CLANG_WARN_ENUM_CONVERSION = YES;
				CLANG_WARN_INT_CONVERSION = YES;
				CLANG_WARN_OBJC_ROOT_CLASS = YES_ERROR;
				CLANG_WARN_UNREACHABLE_CODE = YES;
				CLANG_WARN__DUPLICATE_METHOD_MATCH = YES;
				"CODE_SIGN_IDENTITY[sdk=iphoneos*]" = "iPhone Developer";
				COPY_PHASE_STRIP = NO;
				DEBUG_INFORMATION_FORMAT = "dwarf-with-dsym";
				ENABLE_NS_ASSERTIONS = NO;
				ENABLE_STRICT_OBJC_MSGSEND = YES;
				GCC_C_LANGUAGE_STANDARD = gnu99;
				GCC_NO_COMMON_BLOCKS = YES;
				GCC_WARN_64_TO_32_BIT_CONVERSION = YES;
				GCC_WARN_ABOUT_RETURN_TYPE = YES_ERROR;
				GCC_WARN_UNDECLARED_SELECTOR = YES;
				GCC_WARN_UNINITIALIZED_AUTOS = YES_AGGRESSIVE;
				GCC_WARN_UNUSED_FUNCTION = YES;
				GCC_WARN_UNUSED_VARIABLE = YES;
				IPHONEOS_DEPLOYMENT_TARGET = 9.3;
				MTL_ENABLE_DEBUG_INFO = NO;
				SDKROOT = iphoneos;
				TARGETED_DEVICE_FAMILY = "1,2";
				VALIDATE_PRODUCT = YES;
			};
			name = Release;
		};
		2E584C161D04E79C003E3C87 /* Debug */ = {
			isa = XCBuildConfiguration;
			buildSettings = {
				ASSETCATALOG_COMPILER_APPICON_NAME = AppIcon;
				INFOPLIST_FILE = Phonetics/Info.plist;
				LD_RUNPATH_SEARCH_PATHS = "$(inherited) @executable_path/Frameworks";
				PRODUCT_BUNDLE_IDENTIFIER = com.hearatale.Phonetics;
				PRODUCT_NAME = "$(TARGET_NAME)";
			};
			name = Debug;
		};
		2E584C171D04E79C003E3C87 /* Release */ = {
			isa = XCBuildConfiguration;
			buildSettings = {
				ASSETCATALOG_COMPILER_APPICON_NAME = AppIcon;
				INFOPLIST_FILE = Phonetics/Info.plist;
				LD_RUNPATH_SEARCH_PATHS = "$(inherited) @executable_path/Frameworks";
				PRODUCT_BUNDLE_IDENTIFIER = com.hearatale.Phonetics;
				PRODUCT_NAME = "$(TARGET_NAME)";
			};
			name = Release;
		};
/* End XCBuildConfiguration section */

/* Begin XCConfigurationList section */
		2E584BFE1D04E79C003E3C87 /* Build configuration list for PBXProject "Phonetics" */ = {
			isa = XCConfigurationList;
			buildConfigurations = (
				2E584C131D04E79C003E3C87 /* Debug */,
				2E584C141D04E79C003E3C87 /* Release */,
			);
			defaultConfigurationIsVisible = 0;
			defaultConfigurationName = Release;
		};
		2E584C151D04E79C003E3C87 /* Build configuration list for PBXNativeTarget "Phonetics" */ = {
			isa = XCConfigurationList;
			buildConfigurations = (
				2E584C161D04E79C003E3C87 /* Debug */,
				2E584C171D04E79C003E3C87 /* Release */,
			);
			defaultConfigurationIsVisible = 0;
		};
/* End XCConfigurationList section */
	};
	rootObject = 2E584BFB1D04E79C003E3C87 /* Project object */;
}
